
Microsoft Visual Studio Solution File, Format Version 12.00
# Visual Studio Version 17
VisualStudioVersion = 17.14.36518.9 d17.14
MinimumVisualStudioVersion = 10.0.40219.1
Project("{FAE04EC0-301F-11D3-BF4B-00C04F79EFBC}") = "HotelReservation", "HotelReservation\HotelReservation.csproj", "{8DC9FF3E-4F13-4A26-9931-599D532FC97A}"
EndProject
Global
	GlobalSection(SolutionConfigurationPlatforms) = preSolution
		Debug|Any CPU = Debug|Any CPU
		Release|Any CPU = Release|Any CPU
	EndGlobalSection
	GlobalSection(ProjectConfigurationPlatforms) = postSolution
		{8DC9FF3E-4F13-4A26-9931-599D532FC97A}.Debug|Any CPU.ActiveCfg = Debug|Any CPU
		{8DC9FF3E-4F13-4A26-9931-599D532FC97A}.Debug|Any CPU.Build.0 = Debug|Any CPU
		{8DC9FF3E-4F13-4A26-9931-599D532FC97A}.Release|Any CPU.ActiveCfg = Release|Any CPU
		{8DC9FF3E-4F13-4A26-9931-599D532FC97A}.Release|Any CPU.Build.0 = Release|Any CPU
	EndGlobalSection
	GlobalSection(SolutionProperties) = preSolution
		HideSolutionNode = FALSE
	EndGlobalSection
	GlobalSection(ExtensibilityGlobals) = postSolution
		SolutionGuid = {4EB70B5B-D1AA-4F8D-99FF-F6573AEE55D6}
	EndGlobalSection
EndGlobal
